{
    "_readme": [
        "This file locks the dependencies of your project to a known state",
        "Read more about it at https://getcomposer.org/doc/01-basic-usage.md#composer-lock-the-lock-file",
        "This file is @generated automatically"
    ],
    "hash": "35b2ddaa8aa084ce2aa19b805af12a56",
    "content-hash": "106db987e1815de5f6fc08e0f1a1f75f",
    "packages": [
        {
            "name": "mrclay/minify",
            "version": "2.3.0",
            "source": {
                "type": "git",
                "url": "https://github.com/mrclay/minify.git",
                "reference": "f4cb31135d288f951bb0af1f23a03d4c00ba9446"
            },
            "dist": {
                "type": "zip",
                "url": "https://api.github.com/repos/mrclay/minify/zipball/f4cb31135d288f951bb0af1f23a03d4c00ba9446",
                "reference": "f4cb31135d288f951bb0af1f23a03d4c00ba9446",
                "shasum": ""
            },
            "require": {
                "ext-pcre": "*",
                "php": ">=5.2.1"
            },
            "require-dev": {
                "tubalmartin/cssmin": "~2.4.8"
            },
            "suggest": {
                "tubalmartin/cssmin": "Support minify with CSSMin (YUI PHP port)"
            },
            "type": "library",
            "autoload": {
                "classmap": [
                    "min/lib/"
                ]
            },
            "notification-url": "https://packagist.org/downloads/",
            "license": [
                "BSD-3-Clause"
            ],
            "authors": [
                {
                    "name": "Stephen Clay",
                    "email": "steve@mrclay.org",
                    "role": "Developer"
                }
            ],
            "description": "Minify is a PHP5 app that helps you follow several rules for client-side performance. It combines multiple CSS or Javascript files, removes unnecessary whitespace and comments, and serves them with gzip encoding and optimal client-side cache headers",
            "homepage": "http://code.google.com/p/minify/",
            "time": "2016-03-08 11:49:57"
        },
        {
            "name": "stolz/assets",
            "version": "0.1.9",
            "source": {
                "type": "git",
                "url": "https://github.com/Stolz/Assets.git",
                "reference": "ef72724db7a5ff01e64c917461a11ae34bdeb788"
            },
            "dist": {
                "type": "zip",
                "url": "https://api.github.com/repos/Stolz/Assets/zipball/ef72724db7a5ff01e64c917461a11ae34bdeb788",
                "reference": "ef72724db7a5ff01e64c917461a11ae34bdeb788",
                "shasum": ""
            },
            "require": {
                "mrclay/minify": "~2.1",
                "php": ">=5.3.0"
            },
            "require-dev": {
                "evert/phpdoc-md": "0.*",
                "phpdocumentor/phpdocumentor": "2.*",
                "phpunit/phpunit": "4.*",
                "squizlabs/php_codesniffer": "2.*"
            },
            "suggest": {
                "laravel/laravel": "Included ServiceProvider and Facade to work out of the box with Laravel"
            },
            "type": "library",
            "autoload": {
                "psr-4": {
                    "Stolz\\Assets\\": "src/"
                }
            },
            "notification-url": "https://packagist.org/downloads/",
            "license": [
                "MIT"
            ],
            "authors": [
                {
                    "name": "Stolz",
                    "homepage": "https://github.com/Stolz/Assets",
                    "role": "developer"
                }
            ],
            "description": "An ultra-simple-to-use assets management library",
            "keywords": [
                "JS",
                "agnostic",
                "asset",
                "assets",
                "css",
                "javascript",
                "laravel",
                "minify",
                "pipeline"
            ],
            "time": "2016-06-07 03:13:30"
        }
    ],
    "packages-dev": [],
    "aliases": [],
    "minimum-stability": "stable",
    "stability-flags": [],
    "prefer-stable": false,
    "prefer-lowest": false,
    "platform": [],
    "platform-dev": []
}
